// !$*UTF8*$!
{
	archiveVersion = 1;
	classes = {
	};
	objectVersion = 50;
	objects = {

/* Begin PBXBuildFile section */
		FA63D7D124FD718300D5BFAB /* AppDelegate.swift in Sources */ = {isa = PBXBuildFile; fileRef = FA63D7D024FD718300D5BFAB /* AppDelegate.swift */; };
		FA63D7D324FD718300D5BFAB /* SceneDelegate.swift in Sources */ = {isa = PBXBuildFile; fileRef = FA63D7D224FD718300D5BFAB /* SceneDelegate.swift */; };
		FA63D7D524FD718300D5BFAB /* ViewController.swift in Sources */ = {isa = PBXBuildFile; fileRef = FA63D7D424FD718300D5BFAB /* ViewController.swift */; };
		FA63D7D824FD718300D5BFAB /* Main.storyboard in Resources */ = {isa = PBXBuildFile; fileRef = FA63D7D624FD718300D5BFAB /* Main.storyboard */; };
		FA63D7DA24FD718400D5BFAB /* Assets.xcassets in Resources */ = {isa = PBXBuildFile; fileRef = FA63D7D924FD718400D5BFAB /* Assets.xcassets */; };
		FA63D7DD24FD718400D5BFAB /* LaunchScreen.storyboard in Resources */ = {isa = PBXBuildFile; fileRef = FA63D7DB24FD718400D5BFAB /* LaunchScreen.storyboard */; };
		FA63D7E824FD718500D5BFAB /* TestPhotoUploadingTests.swift in Sources */ = {isa = PBXBuildFile; fileRef = FA63D7E724FD718500D5BFAB /* TestPhotoUploadingTests.swift */; };
/* End PBXBuildFile section */

/* Begin PBXContainerItemProxy section */
		FA63D7E424FD718500D5BFAB /* PBXContainerItemProxy */ = {
			isa = PBXContainerItemProxy;
			containerPortal = FA63D7C524FD718300D5BFAB /* Project object */;
			proxyType = 1;
			remoteGlobalIDString = FA63D7CC24FD718300D5BFAB;
			remoteInfo = TestPhotoUploading;
		};
/* End PBXContainerItemProxy section */

/* Begin PBXFileReference section */
		FA63D7CD24FD718300D5BFAB /* TestPhotoUploading.app */ = {isa = PBXFileReference; explicitFileType = wrapper.application; includeInIndex = 0; path = TestPhotoUploading.app; sourceTree = BUILT_PRODUCTS_DIR; };
		FA63D7D024FD718300D5BFAB /* AppDelegate.swift */ = {isa = PBXFileReference; lastKnownFileType = sourcecode.swift; path = AppDelegate.swift; sourceTree = "<group>"; };
		FA63D7D224FD718300D5BFAB /* SceneDelegate.swift */ = {isa = PBXFileReference; lastKnownFileType = sourcecode.swift; path = SceneDelegate.swift; sourceTree = "<group>"; };
		FA63D7D424FD718300D5BFAB /* ViewController.swift */ = {isa = PBXFileReference; lastKnownFileType = sourcecode.swift; path = ViewController.swift; sourceTree = "<group>"; };
		FA63D7D724FD718300D5BFAB /* Base */ = {isa = PBXFileReference; lastKnownFileType = file.storyboard; name = Base; path = Base.lproj/Main.storyboard; sourceTree = "<group>"; };
		FA63D7D924FD718400D5BFAB /* Assets.xcassets */ = {isa = PBXFileReference; lastKnownFileType = folder.assetcatalog; path = Assets.xcassets; sourceTree = "<group>"; };
		FA63D7DC24FD718400D5BFAB /* Base */ = {isa = PBXFileReference; lastKnownFileType = file.storyboard; name = Base; path = Base.lproj/LaunchScreen.storyboard; sourceTree = "<group>"; };
		FA63D7DE24FD718400D5BFAB /* Info.plist */ = {isa = PBXFileReference; lastKnownFileType = text.plist.xml; path = Info.plist; sourceTree = "<group>"; };
		FA63D7E324FD718500D5BFAB /* TestPhotoUploadingTests.xctest */ = {isa = PBXFileReference; explicitFileType = wrapper.cfbundle; includeInIndex = 0; path = TestPhotoUploadingTests.xctest; sourceTree = BUILT_PRODUCTS_DIR; };
		FA63D7E724FD718500D5BFAB /* TestPhotoUploadingTests.swift */ = {isa = PBXFileReference; lastKnownFileType = sourcecode.swift; path = TestPhotoUploadingTests.swift; sourceTree = "<group>"; };
		FA63D7E924FD718500D5BFAB /* Info.plist */ = {isa = PBXFileReference; lastKnownFileType = text.plist.xml; path = Info.plist; sourceTree = "<group>"; };
/* End PBXFileReference section */

/* Begin PBXFrameworksBuildPhase section */
		FA63D7CA24FD718300D5BFAB /* Frameworks */ = {
			isa = PBXFrameworksBuildPhase;
			buildActionMask = 2147483647;
			files = (
			);
			runOnlyForDeploymentPostprocessing = 0;
		};
		FA63D7E024FD718500D5BFAB /* Frameworks */ = {
			isa = PBXFrameworksBuildPhase;
			buildActionMask = 2147483647;
			files = (
			);
			runOnlyForDeploymentPostprocessing = 0;
		};
/* End PBXFrameworksBuildPhase section */

/* Begin PBXGroup section */
		FA63D7C424FD718300D5BFAB = {
			isa = PBXGroup;
			children = (
				FA63D7CF24FD718300D5BFAB /* TestPhotoUploading */,
				FA63D7E624FD718500D5BFAB /* TestPhotoUploadingTests */,
				FA63D7CE24FD718300D5BFAB /* Products */,
			);
			sourceTree = "<group>";
		};
		FA63D7CE24FD718300D5BFAB /* Products */ = {
			isa = PBXGroup;
			children = (
				FA63D7CD24FD718300D5BFAB /* TestPhotoUploading.app */,
				FA63D7E324FD718500D5BFAB /* TestPhotoUploadingTests.xctest */,
			);
			name = Products;
			sourceTree = "<group>";
		};
		FA63D7CF24FD718300D5BFAB /* TestPhotoUploading */ = {
			isa = PBXGroup;
			children = (
				FA63D7D024FD718300D5BFAB /* AppDelegate.swift */,
				FA63D7D224FD718300D5BFAB /* SceneDelegate.swift */,
				FA63D7D424FD718300D5BFAB /* ViewController.swift */,
				FA63D7D624FD718300D5BFAB /* Main.storyboard */,
				FA63D7D924FD718400D5BFAB /* Assets.xcassets */,
				FA63D7DB24FD718400D5BFAB /* LaunchScreen.storyboard */,
				FA63D7DE24FD718400D5BFAB /* Info.plist */,
			);
			path = TestPhotoUploading;
			sourceTree = "<group>";
		};
		FA63D7E624FD718500D5BFAB /* TestPhotoUploadingTests */ = {
			isa = PBXGroup;
			children = (
				FA63D7E724FD718500D5BFAB /* TestPhotoUploadingTests.swift */,
				FA63D7E924FD718500D5BFAB /* Info.plist */,
			);
			path = TestPhotoUploadingTests;
			sourceTree = "<group>";
		};
/* End PBXGroup section */

/* Begin PBXNativeTarget section */
		FA63D7CC24FD718300D5BFAB /* TestPhotoUploading */ = {
			isa = PBXNativeTarget;
			buildConfigurationList = FA63D7EC24FD718500D5BFAB /* Build configuration list for PBXNativeTarget "TestPhotoUploading" */;
			buildPhases = (
				FA63D7C924FD718300D5BFAB /* Sources */,
				FA63D7CA24FD718300D5BFAB /* Frameworks */,
				FA63D7CB24FD718300D5BFAB /* Resources */,
			);
			buildRules = (
			);
			dependencies = (
			);
			name = TestPhotoUploading;
			productName = TestPhotoUploading;
			productReference = FA63D7CD24FD718300D5BFAB /* TestPhotoUploading.app */;
			productType = "com.apple.product-type.application";
		};
		FA63D7E224FD718500D5BFAB /* TestPhotoUploadingTests */ = {
			isa = PBXNativeTarget;
			buildConfigurationList = FA63D7EF24FD718500D5BFAB /* Build configuration list for PBXNativeTarget "TestPhotoUploadingTests" */;
			buildPhases = (
				FA63D7DF24FD718500D5BFAB /* Sources */,
				FA63D7E024FD718500D5BFAB /* Frameworks */,
				FA63D7E124FD718500D5BFAB /* Resources */,
			);
			buildRules = (
			);
			dependencies = (
				FA63D7E524FD718500D5BFAB /* PBXTargetDependency */,
			);
			name = TestPhotoUploadingTests;
			productName = TestPhotoUploadingTests;
			productReference = FA63D7E324FD718500D5BFAB /* TestPhotoUploadingTests.xctest */;
			productType = "com.apple.product-type.bundle.unit-test";
		};
/* End PBXNativeTarget section */

/* Begin PBXProject section */
		FA63D7C524FD718300D5BFAB /* Project object */ = {
			isa = PBXProject;
			attributes = {
				LastSwiftUpdateCheck = 1160;
				LastUpgradeCheck = 1160;
				ORGANIZATIONNAME = "Ivan Zavadsky";
				TargetAttributes = {
					FA63D7CC24FD718300D5BFAB = {
						CreatedOnToolsVersion = 11.6;
					};
					FA63D7E224FD718500D5BFAB = {
						CreatedOnToolsVersion = 11.6;
						TestTargetID = FA63D7CC24FD718300D5BFAB;
					};
				};
			};
			buildConfigurationList = FA63D7C824FD718300D5BFAB /* Build configuration list for PBXProject "TestPhotoUploading" */;
			compatibilityVersion = "Xcode 9.3";
			developmentRegion = en;
			hasScannedForEncodings = 0;
			knownRegions = (
				en,
				Base,
			);
			mainGroup = FA63D7C424FD718300D5BFAB;
			productRefGroup = FA63D7CE24FD718300D5BFAB /* Products */;
			projectDirPath = "";
			projectRoot = "";
			targets = (
				FA63D7CC24FD718300D5BFAB /* TestPhotoUploading */,
				FA63D7E224FD718500D5BFAB /* TestPhotoUploadingTests */,
			);
		};
/* End PBXProject section */

/* Begin PBXResourcesBuildPhase section */
		FA63D7CB24FD718300D5BFAB /* Resources */ = {
			isa = PBXResourcesBuildPhase;
			buildActionMask = 2147483647;
			files = (
				FA63D7DD24FD718400D5BFAB /* LaunchScreen.storyboard in Resources */,
				FA63D7DA24FD718400D5BFAB /* Assets.xcassets in Resources */,
				FA63D7D824FD718300D5BFAB /* Main.storyboard in Resources */,
			);
			runOnlyForDeploymentPostprocessing = 0;
		};
		FA63D7E124FD718500D5BFAB /* Resources */ = {
			isa = PBXResourcesBuildPhase;
			buildActionMask = 2147483647;
			files = (
			);
			runOnlyForDeploymentPostprocessing = 0;
		};
/* End PBXResourcesBuildPhase section */

/* Begin PBXSourcesBuildPhase section */
		FA63D7C924FD718300D5BFAB /* Sources */ = {
			isa = PBXSourcesBuildPhase;
			buildActionMask = 2147483647;
			files = (
				FA63D7D524FD718300D5BFAB /* ViewController.swift in Sources */,
				FA63D7D124FD718300D5BFAB /* AppDelegate.swift in Sources */,
				FA63D7D324FD718300D5BFAB /* SceneDelegate.swift in Sources */,
			);
			runOnlyForDeploymentPostprocessing = 0;
		};
		FA63D7DF24FD718500D5BFAB /* Sources */ = {
			isa = PBXSourcesBuildPhase;
			buildActionMask = 2147483647;
			files = (
				FA63D7E824FD718500D5BFAB /* TestPhotoUploadingTests.swift in Sources */,
			);
			runOnlyForDeploymentPostprocessing = 0;
		};
/* End PBXSourcesBuildPhase section */

/* Begin PBXTargetDependency section */
		FA63D7E524FD718500D5BFAB /* PBXTargetDependency */ = {
			isa = PBXTargetDependency;
			target = FA63D7CC24FD718300D5BFAB /* TestPhotoUploading */;
			targetProxy = FA63D7E424FD718500D5BFAB /* PBXContainerItemProxy */;
		};
/* End PBXTargetDependency section */

/* Begin PBXVariantGroup section */
		FA63D7D624FD718300D5BFAB /* Main.storyboard */ = {
			isa = PBXVariantGroup;
			children = (
				FA63D7D724FD718300D5BFAB /* Base */,
			);
			name = Main.storyboard;
			sourceTree = "<group>";
		};
		FA63D7DB24FD718400D5BFAB /* LaunchScreen.storyboard */ = {
			isa = PBXVariantGroup;
			children = (
				FA63D7DC24FD718400D5BFAB /* Base */,
			);
			name = LaunchScreen.storyboard;
			sourceTree = "<group>";
		};
/* End PBXVariantGroup section */

/* Begin XCBuildConfiguration section */
		FA63D7EA24FD718500D5BFAB /* Debug */ = {
			isa = XCBuildConfiguration;
			buildSettings = {
				ALWAYS_SEARCH_USER_PATHS = NO;
				CLANG_ANALYZER_NONNULL = YES;
				CLANG_ANALYZER_NUMBER_OBJECT_CONVERSION = YES_AGGRESSIVE;
				CLANG_CXX_LANGUAGE_STANDARD = "gnu++14";
				CLANG_CXX_LIBRARY = "libc++";
				CLANG_ENABLE_MODULES = YES;
				CLANG_ENABLE_OBJC_ARC = YES;
				CLANG_ENABLE_OBJC_WEAK = YES;
				CLANG_WARN_BLOCK_CAPTURE_AUTORELEASING = YES;
				CLANG_WARN_BOOL_CONVERSION = YES;
				CLANG_WARN_COMMA = YES;
				CLANG_WARN_CONSTANT_CONVERSION = YES;
				CLANG_WARN_DEPRECATED_OBJC_IMPLEMENTATIONS = YES;
				CLANG_WARN_DIRECT_OBJC_ISA_USAGE = YES_ERROR;
				CLANG_WARN_DOCUMENTATION_COMMENTS = YES;
				CLANG_WARN_EMPTY_BODY = YES;
				CLANG_WARN_ENUM_CONVERSION = YES;
				CLANG_WARN_INFINITE_RECURSION = YES;
				CLANG_WARN_INT_CONVERSION = YES;
				CLANG_WARN_NON_LITERAL_NULL_CONVERSION = YES;
				CLANG_WARN_OBJC_IMPLICIT_RETAIN_SELF = YES;
				CLANG_WARN_OBJC_LITERAL_CONVERSION = YES;
				CLANG_WARN_OBJC_ROOT_CLASS = YES_ERROR;
				CLANG_WARN_RANGE_LOOP_ANALYSIS = YES;
				CLANG_WARN_STRICT_PROTOTYPES = YES;
				CLANG_WARN_SUSPICIOUS_MOVE = YES;
				CLANG_WARN_UNGUARDED_AVAILABILITY = YES_AGGRESSIVE;
				CLANG_WARN_UNREACHABLE_CODE = YES;
				CLANG_WARN__DUPLICATE_METHOD_MATCH = YES;
				COPY_PHASE_STRIP = NO;
				DEBUG_INFORMATION_FORMAT = dwarf;
				ENABLE_STRICT_OBJC_MSGSEND = YES;
				ENABLE_TESTABILITY = YES;
				GCC_C_LANGUAGE_STANDARD = gnu11;
				GCC_DYNAMIC_NO_PIC = NO;
				GCC_NO_COMMON_BLOCKS = YES;
				GCC_OPTIMIZATION_LEVEL = 0;
				GCC_PREPROCESSOR_DEFINITIONS = (
					"DEBUG=1",
					"$(inherited)",
				);
				GCC_WARN_64_TO_32_BIT_CONVERSION = YES;
				GCC_WARN_ABOUT_RETURN_TYPE = YES_ERROR;
				GCC_WARN_UNDECLARED_SELECTOR = YES;
				GCC_WARN_UNINITIALIZED_AUTOS = YES_AGGRESSIVE;
				GCC_WARN_UNUSED_FUNCTION = YES;
				GCC_WARN_UNUSED_VARIABLE = YES;
				IPHONEOS_DEPLOYMENT_TARGET = 13.6;
				MTL_ENABLE_DEBUG_INFO = INCLUDE_SOURCE;
				MTL_FAST_MATH = YES;
				ONLY_ACTIVE_ARCH = YES;
				SDKROOT = iphoneos;
				SWIFT_ACTIVE_COMPILATION_CONDITIONS = DEBUG;
				SWIFT_OPTIMIZATION_LEVEL = "-Onone";
			};
			name = Debug;
		};
		FA63D7EB24FD718500D5BFAB /* Release */ = {
			isa = XCBuildConfiguration;
			buildSettings = {
				ALWAYS_SEARCH_USER_PATHS = NO;
				CLANG_ANALYZER_NONNULL = YES;
				CLANG_ANALYZER_NUMBER_OBJECT_CONVERSION = YES_AGGRESSIVE;
				CLANG_CXX_LANGUAGE_STANDARD = "gnu++14";
				CLANG_CXX_LIBRARY = "libc++";
				CLANG_ENABLE_MODULES = YES;
				CLANG_ENABLE_OBJC_ARC = YES;
				CLANG_ENABLE_OBJC_WEAK = YES;
				CLANG_WARN_BLOCK_CAPTURE_AUTORELEASING = YES;
				CLANG_WARN_BOOL_CONVERSION = YES;
				CLANG_WARN_COMMA = YES;
				CLANG_WARN_CONSTANT_CONVERSION = YES;
				CLANG_WARN_DEPRECATED_OBJC_IMPLEMENTATIONS = YES;
				CLANG_WARN_DIRECT_OBJC_ISA_USAGE = YES_ERROR;
				CLANG_WARN_DOCUMENTATION_COMMENTS = YES;
				CLANG_WARN_EMPTY_BODY = YES;
				CLANG_WARN_ENUM_CONVERSION = YES;
				CLANG_WARN_INFINITE_RECURSION = YES;
				CLANG_WARN_INT_CONVERSION = YES;
				CLANG_WARN_NON_LITERAL_NULL_CONVERSION = YES;
				CLANG_WARN_OBJC_IMPLICIT_RETAIN_SELF = YES;
				CLANG_WARN_OBJC_LITERAL_CONVERSION = YES;
				CLANG_WARN_OBJC_ROOT_CLASS = YES_ERROR;
				CLANG_WARN_RANGE_LOOP_ANALYSIS = YES;
				CLANG_WARN_STRICT_PROTOTYPES = YES;
				CLANG_WARN_SUSPICIOUS_MOVE = YES;
				CLANG_WARN_UNGUARDED_AVAILABILITY = YES_AGGRESSIVE;
				CLANG_WARN_UNREACHABLE_CODE = YES;
				CLANG_WARN__DUPLICATE_METHOD_MATCH = YES;
				COPY_PHASE_STRIP = NO;
				DEBUG_INFORMATION_FORMAT = "dwarf-with-dsym";
				ENABLE_NS_ASSERTIONS = NO;
				ENABLE_STRICT_OBJC_MSGSEND = YES;
				GCC_C_LANGUAGE_STANDARD = gnu11;
				GCC_NO_COMMON_BLOCKS = YES;
				GCC_WARN_64_TO_32_BIT_CONVERSION = YES;
				GCC_WARN_ABOUT_RETURN_TYPE = YES_ERROR;
				GCC_WARN_UNDECLARED_SELECTOR = YES;
				GCC_WARN_UNINITIALIZED_AUTOS = YES_AGGRESSIVE;
				GCC_WARN_UNUSED_FUNCTION = YES;
				GCC_WARN_UNUSED_VARIABLE = YES;
				IPHONEOS_DEPLOYMENT_TARGET = 13.6;
				MTL_ENABLE_DEBUG_INFO = NO;
				MTL_FAST_MATH = YES;
				SDKROOT = iphoneos;
				SWIFT_COMPILATION_MODE = wholemodule;
				SWIFT_OPTIMIZATION_LEVEL = "-O";
				VALIDATE_PRODUCT = YES;
			};
			name = Release;
		};
		FA63D7ED24FD718500D5BFAB /* Debug */ = {
			isa = XCBuildConfiguration;
			buildSettings = {
				ASSETCATALOG_COMPILER_APPICON_NAME = AppIcon;
				CODE_SIGN_STYLE = Automatic;
				INFOPLIST_FILE = TestPhotoUploading/Info.plist;
				LD_RUNPATH_SEARCH_PATHS = (
					"$(inherited)",
					"@executable_path/Frameworks",
				);
				PRODUCT_BUNDLE_IDENTIFIER = "com.ivan-zavadsky.TestPhotoUploading";
				PRODUCT_NAME = "$(TARGET_NAME)";
				SWIFT_VERSION = 5.0;
				TARGETED_DEVICE_FAMILY = "1,2";
			};
			name = Debug;
		};
		FA63D7EE24FD718500D5BFAB /* Release */ = {
			isa = XCBuildConfiguration;
			buildSettings = {
				ASSETCATALOG_COMPILER_APPICON_NAME = AppIcon;
				CODE_SIGN_STYLE = Automatic;
				INFOPLIST_FILE = TestPhotoUploading/Info.plist;
				LD_RUNPATH_SEARCH_PATHS = (
					"$(inherited)",
					"@executable_path/Frameworks",
				);
				PRODUCT_BUNDLE_IDENTIFIER = "com.ivan-zavadsky.TestPhotoUploading";
				PRODUCT_NAME = "$(TARGET_NAME)";
				SWIFT_VERSION = 5.0;
				TARGETED_DEVICE_FAMILY = "1,2";
			};
			name = Release;
		};
		FA63D7F024FD718500D5BFAB /* Debug */ = {
			isa = XCBuildConfiguration;
			buildSettings = {
				ALWAYS_EMBED_SWIFT_STANDARD_LIBRARIES = YES;
				BUNDLE_LOADER = "$(TEST_HOST)";
				CODE_SIGN_STYLE = Automatic;
				INFOPLIST_FILE = TestPhotoUploadingTests/Info.plist;
				IPHONEOS_DEPLOYMENT_TARGET = 13.6;
				LD_RUNPATH_SEARCH_PATHS = (
					"$(inherited)",
					"@executable_path/Frameworks",
					"@loader_path/Frameworks",
				);
				PRODUCT_BUNDLE_IDENTIFIER = "com.ivan-zavadsky.TestPhotoUploadingTests";
				PRODUCT_NAME = "$(TARGET_NAME)";
				SWIFT_VERSION = 5.0;
				TARGETED_DEVICE_FAMILY = "1,2";
				TEST_HOST = "$(BUILT_PRODUCTS_DIR)/TestPhotoUploading.app/TestPhotoUploading";
			};
			name = Debug;
		};
		FA63D7F124FD718500D5BFAB /* Release */ = {
			isa = XCBuildConfiguration;
			buildSettings = {
				ALWAYS_EMBED_SWIFT_STANDARD_LIBRARIES = YES;
				BUNDLE_LOADER = "$(TEST_HOST)";
				CODE_SIGN_STYLE = Automatic;
				INFOPLIST_FILE = TestPhotoUploadingTests/Info.plist;
				IPHONEOS_DEPLOYMENT_TARGET = 13.6;
				LD_RUNPATH_SEARCH_PATHS = (
					"$(inherited)",
					"@executable_path/Frameworks",
					"@loader_path/Frameworks",
				);
				PRODUCT_BUNDLE_IDENTIFIER = "com.ivan-zavadsky.TestPhotoUploadingTests";
				PRODUCT_NAME = "$(TARGET_NAME)";
				SWIFT_VERSION = 5.0;
				TARGETED_DEVICE_FAMILY = "1,2";
				TEST_HOST = "$(BUILT_PRODUCTS_DIR)/TestPhotoUploading.app/TestPhotoUploading";
			};
			name = Release;
		};
/* End XCBuildConfiguration section */

/* Begin XCConfigurationList section */
		FA63D7C824FD718300D5BFAB /* Build configuration list for PBXProject "TestPhotoUploading" */ = {
			isa = XCConfigurationList;
			buildConfigurations = (
				FA63D7EA24FD718500D5BFAB /* Debug */,
				FA63D7EB24FD718500D5BFAB /* Release */,
			);
			defaultConfigurationIsVisible = 0;
			defaultConfigurationName = Release;
		};
		FA63D7EC24FD718500D5BFAB /* Build configuration list for PBXNativeTarget "TestPhotoUploading" */ = {
			isa = XCConfigurationList;
			buildConfigurations = (
				FA63D7ED24FD718500D5BFAB /* Debug */,
				FA63D7EE24FD718500D5BFAB /* Release */,
			);
			defaultConfigurationIsVisible = 0;
			defaultConfigurationName = Release;
		};
		FA63D7EF24FD718500D5BFAB /* Build configuration list for PBXNativeTarget "TestPhotoUploadingTests" */ = {
			isa = XCConfigurationList;
			buildConfigurations = (
				FA63D7F024FD718500D5BFAB /* Debug */,
				FA63D7F124FD718500D5BFAB /* Release */,
			);
			defaultConfigurationIsVisible = 0;
			defaultConfigurationName = Release;
		};
/* End XCConfigurationList section */
	};
	rootObject = FA63D7C524FD718300D5BFAB /* Project object */;
}
